
Microsoft Visual Studio Solution File, Format Version 12.00
# Visual Studio Version 17
VisualStudioVersion = 17.13.35913.81 d17.13
MinimumVisualStudioVersion = 10.0.40219.1
Project("{FAE04EC0-301F-11D3-BF4B-00C04F79EFBC}") = "HMS", "HMS.csproj", "{885DC573-A06E-49B5-995A-C834B42BE828}"
EndProject
Global
	GlobalSection(SolutionConfigurationPlatforms) = preSolution
		Debug|Any CPU = Debug|Any CPU
		Release|Any CPU = Release|Any CPU
	EndGlobalSection
	GlobalSection(ProjectConfigurationPlatforms) = postSolution
		{885DC573-A06E-49B5-995A-C834B42BE828}.Debug|Any CPU.ActiveCfg = Debug|Any CPU
		{885DC573-A06E-49B5-995A-C834B42BE828}.Debug|Any CPU.Build.0 = Debug|Any CPU
		{885DC573-A06E-49B5-995A-C834B42BE828}.Release|Any CPU.ActiveCfg = Release|Any CPU
		{885DC573-A06E-49B5-995A-C834B42BE828}.Release|Any CPU.Build.0 = Release|Any CPU
	EndGlobalSection
	GlobalSection(SolutionProperties) = preSolution
		HideSolutionNode = FALSE
	EndGlobalSection
	GlobalSection(ExtensibilityGlobals) = postSolution
		SolutionGuid = {C6841B59-56F8-42BD-A2E9-3C1521EE6CF0}
	EndGlobalSection
EndGlobal
